// !$*UTF8*$!
{
	archiveVersion = 1;
	classes = {
	};
	objectVersion = 77;
	objects = {

/* Begin PBXBuildFile section */
		5F2A955E2D01A75E00BB3BF2 /* Marketing in Frameworks */ = {isa = PBXBuildFile; productRef = 5F2A955D2D01A75E00BB3BF2 /* Marketing */; };
		5F2A95602D01A75E00BB3BF2 /* MarketingData in Frameworks */ = {isa = PBXBuildFile; productRef = 5F2A955F2D01A75E00BB3BF2 /* MarketingData */; };
		5F2A95962D02F53C00BB3BF2 /* MarketingDataIDFA in Frameworks */ = {isa = PBXBuildFile; productRef = 5F2A95952D02F53C00BB3BF2 /* MarketingDataIDFA */; };
/* End PBXBuildFile section */

/* Begin PBXContainerItemProxy section */
		5F2A951E2D00C7A600BB3BF2 /* PBXContainerItemProxy */ = {
			isa = PBXContainerItemProxy;
			containerPortal = 5F2A95032D00C7A400BB3BF2 /* Project object */;
			proxyType = 1;
			remoteGlobalIDString = 5F2A950A2D00C7A400BB3BF2;
			remoteInfo = OASwiftUIExample;
		};
		5F2A95282D00C7A600BB3BF2 /* PBXContainerItemProxy */ = {
			isa = PBXContainerItemProxy;
			containerPortal = 5F2A95032D00C7A400BB3BF2 /* Project object */;
			proxyType = 1;
			remoteGlobalIDString = 5F2A950A2D00C7A400BB3BF2;
			remoteInfo = OASwiftUIExample;
		};
/* End PBXContainerItemProxy section */

/* Begin PBXFileReference section */
		5F2A950B2D00C7A400BB3BF2 /* OASwiftUIExample.app */ = {isa = PBXFileReference; explicitFileType = wrapper.application; includeInIndex = 0; path = OASwiftUIExample.app; sourceTree = BUILT_PRODUCTS_DIR; };
		5F2A951D2D00C7A600BB3BF2 /* OASwiftUIExampleTests.xctest */ = {isa = PBXFileReference; explicitFileType = wrapper.cfbundle; includeInIndex = 0; path = OASwiftUIExampleTests.xctest; sourceTree = BUILT_PRODUCTS_DIR; };
		5F2A95272D00C7A600BB3BF2 /* OASwiftUIExampleUITests.xctest */ = {isa = PBXFileReference; explicitFileType = wrapper.cfbundle; includeInIndex = 0; path = OASwiftUIExampleUITests.xctest; sourceTree = BUILT_PRODUCTS_DIR; };
/* End PBXFileReference section */

/* Begin PBXFileSystemSynchronizedRootGroup section */
		5F2A950D2D00C7A400BB3BF2 /* OASwiftUIExample */ = {
			isa = PBXFileSystemSynchronizedRootGroup;
			path = OASwiftUIExample;
			sourceTree = "<group>";
		};
		5F2A95202D00C7A600BB3BF2 /* OASwiftUIExampleTests */ = {
			isa = PBXFileSystemSynchronizedRootGroup;
			path = OASwiftUIExampleTests;
			sourceTree = "<group>";
		};
		5F2A952A2D00C7A600BB3BF2 /* OASwiftUIExampleUITests */ = {
			isa = PBXFileSystemSynchronizedRootGroup;
			path = OASwiftUIExampleUITests;
			sourceTree = "<group>";
		};
/* End PBXFileSystemSynchronizedRootGroup section */

/* Begin PBXFrameworksBuildPhase section */
		5F2A95082D00C7A400BB3BF2 /* Frameworks */ = {
			isa = PBXFrameworksBuildPhase;
			buildActionMask = 2147483647;
			files = (
				5F2A955E2D01A75E00BB3BF2 /* Marketing in Frameworks */,
				5F2A95602D01A75E00BB3BF2 /* MarketingData in Frameworks */,
				5F2A95962D02F53C00BB3BF2 /* MarketingDataIDFA in Frameworks */,
			);
			runOnlyForDeploymentPostprocessing = 0;
		};
		5F2A951A2D00C7A600BB3BF2 /* Frameworks */ = {
			isa = PBXFrameworksBuildPhase;
			buildActionMask = 2147483647;
			files = (
			);
			runOnlyForDeploymentPostprocessing = 0;
		};
		5F2A95242D00C7A600BB3BF2 /* Frameworks */ = {
			isa = PBXFrameworksBuildPhase;
			buildActionMask = 2147483647;
			files = (
			);
			runOnlyForDeploymentPostprocessing = 0;
		};
/* End PBXFrameworksBuildPhase section */

/* Begin PBXGroup section */
		5F2A95022D00C7A400BB3BF2 = {
			isa = PBXGroup;
			children = (
				5F2A950D2D00C7A400BB3BF2 /* OASwiftUIExample */,
				5F2A95202D00C7A600BB3BF2 /* OASwiftUIExampleTests */,
				5F2A952A2D00C7A600BB3BF2 /* OASwiftUIExampleUITests */,
				5F2A95942D02F53C00BB3BF2 /* Frameworks */,
				5F2A950C2D00C7A400BB3BF2 /* Products */,
			);
			sourceTree = "<group>";
		};
		5F2A950C2D00C7A400BB3BF2 /* Products */ = {
			isa = PBXGroup;
			children = (
				5F2A950B2D00C7A400BB3BF2 /* OASwiftUIExample.app */,
				5F2A951D2D00C7A600BB3BF2 /* OASwiftUIExampleTests.xctest */,
				5F2A95272D00C7A600BB3BF2 /* OASwiftUIExampleUITests.xctest */,
			);
			name = Products;
			sourceTree = "<group>";
		};
		5F2A95942D02F53C00BB3BF2 /* Frameworks */ = {
			isa = PBXGroup;
			children = (
			);
			name = Frameworks;
			sourceTree = "<group>";
		};
/* End PBXGroup section */

/* Begin PBXNativeTarget section */
		5F2A950A2D00C7A400BB3BF2 /* OASwiftUIExample */ = {
			isa = PBXNativeTarget;
			buildConfigurationList = 5F2A95312D00C7A600BB3BF2 /* Build configuration list for PBXNativeTarget "OASwiftUIExample" */;
			buildPhases = (
				5F2A95072D00C7A400BB3BF2 /* Sources */,
				5F2A95082D00C7A400BB3BF2 /* Frameworks */,
				5F2A95092D00C7A400BB3BF2 /* Resources */,
			);
			buildRules = (
			);
			dependencies = (
			);
			fileSystemSynchronizedGroups = (
				5F2A950D2D00C7A400BB3BF2 /* OASwiftUIExample */,
			);
			name = OASwiftUIExample;
			packageProductDependencies = (
				5F2A955D2D01A75E00BB3BF2 /* Marketing */,
				5F2A955F2D01A75E00BB3BF2 /* MarketingData */,
				5F2A95952D02F53C00BB3BF2 /* MarketingDataIDFA */,
			);
			productName = OASwiftUIExample;
			productReference = 5F2A950B2D00C7A400BB3BF2 /* OASwiftUIExample.app */;
			productType = "com.apple.product-type.application";
		};
		5F2A951C2D00C7A600BB3BF2 /* OASwiftUIExampleTests */ = {
			isa = PBXNativeTarget;
			buildConfigurationList = 5F2A95342D00C7A600BB3BF2 /* Build configuration list for PBXNativeTarget "OASwiftUIExampleTests" */;
			buildPhases = (
				5F2A95192D00C7A600BB3BF2 /* Sources */,
				5F2A951A2D00C7A600BB3BF2 /* Frameworks */,
				5F2A951B2D00C7A600BB3BF2 /* Resources */,
			);
			buildRules = (
			);
			dependencies = (
				5F2A951F2D00C7A600BB3BF2 /* PBXTargetDependency */,
			);
			fileSystemSynchronizedGroups = (
				5F2A95202D00C7A600BB3BF2 /* OASwiftUIExampleTests */,
			);
			name = OASwiftUIExampleTests;
			packageProductDependencies = (
			);
			productName = OASwiftUIExampleTests;
			productReference = 5F2A951D2D00C7A600BB3BF2 /* OASwiftUIExampleTests.xctest */;
			productType = "com.apple.product-type.bundle.unit-test";
		};
		5F2A95262D00C7A600BB3BF2 /* OASwiftUIExampleUITests */ = {
			isa = PBXNativeTarget;
			buildConfigurationList = 5F2A95372D00C7A600BB3BF2 /* Build configuration list for PBXNativeTarget "OASwiftUIExampleUITests" */;
			buildPhases = (
				5F2A95232D00C7A600BB3BF2 /* Sources */,
				5F2A95242D00C7A600BB3BF2 /* Frameworks */,
				5F2A95252D00C7A600BB3BF2 /* Resources */,
			);
			buildRules = (
			);
			dependencies = (
				5F2A95292D00C7A600BB3BF2 /* PBXTargetDependency */,
			);
			fileSystemSynchronizedGroups = (
				5F2A952A2D00C7A600BB3BF2 /* OASwiftUIExampleUITests */,
			);
			name = OASwiftUIExampleUITests;
			packageProductDependencies = (
			);
			productName = OASwiftUIExampleUITests;
			productReference = 5F2A95272D00C7A600BB3BF2 /* OASwiftUIExampleUITests.xctest */;
			productType = "com.apple.product-type.bundle.ui-testing";
		};
/* End PBXNativeTarget section */

/* Begin PBXProject section */
		5F2A95032D00C7A400BB3BF2 /* Project object */ = {
			isa = PBXProject;
			attributes = {
				BuildIndependentTargetsInParallel = 1;
				LastSwiftUpdateCheck = 1610;
				LastUpgradeCheck = 1610;
				TargetAttributes = {
					5F2A950A2D00C7A400BB3BF2 = {
						CreatedOnToolsVersion = 16.1;
					};
					5F2A951C2D00C7A600BB3BF2 = {
						CreatedOnToolsVersion = 16.1;
						TestTargetID = 5F2A950A2D00C7A400BB3BF2;
					};
					5F2A95262D00C7A600BB3BF2 = {
						CreatedOnToolsVersion = 16.1;
						TestTargetID = 5F2A950A2D00C7A400BB3BF2;
					};
				};
			};
			buildConfigurationList = 5F2A95062D00C7A400BB3BF2 /* Build configuration list for PBXProject "OASwiftUIExample" */;
			developmentRegion = en;
			hasScannedForEncodings = 0;
			knownRegions = (
				en,
				Base,
			);
			mainGroup = 5F2A95022D00C7A400BB3BF2;
			minimizedProjectReferenceProxies = 1;
			packageReferences = (
				5F2A955C2D01A75E00BB3BF2 /* XCLocalSwiftPackageReference "../../../oa-ios-sdk" */,
			);
			preferredProjectObjectVersion = 77;
			productRefGroup = 5F2A950C2D00C7A400BB3BF2 /* Products */;
			projectDirPath = "";
			projectRoot = "";
			targets = (
				5F2A950A2D00C7A400BB3BF2 /* OASwiftUIExample */,
				5F2A951C2D00C7A600BB3BF2 /* OASwiftUIExampleTests */,
				5F2A95262D00C7A600BB3BF2 /* OASwiftUIExampleUITests */,
			);
		};
/* End PBXProject section */

/* Begin PBXResourcesBuildPhase section */
		5F2A95092D00C7A400BB3BF2 /* Resources */ = {
			isa = PBXResourcesBuildPhase;
			buildActionMask = 2147483647;
			files = (
			);
			runOnlyForDeploymentPostprocessing = 0;
		};
		5F2A951B2D00C7A600BB3BF2 /* Resources */ = {
			isa = PBXResourcesBuildPhase;
			buildActionMask = 2147483647;
			files = (
			);
			runOnlyForDeploymentPostprocessing = 0;
		};
		5F2A95252D00C7A600BB3BF2 /* Resources */ = {
			isa = PBXResourcesBuildPhase;
			buildActionMask = 2147483647;
			files = (
			);
			runOnlyForDeploymentPostprocessing = 0;
		};
/* End PBXResourcesBuildPhase section */

/* Begin PBXSourcesBuildPhase section */
		5F2A95072D00C7A400BB3BF2 /* Sources */ = {
			isa = PBXSourcesBuildPhase;
			buildActionMask = 2147483647;
			files = (
			);
			runOnlyForDeploymentPostprocessing = 0;
		};
		5F2A95192D00C7A600BB3BF2 /* Sources */ = {
			isa = PBXSourcesBuildPhase;
			buildActionMask = 2147483647;
			files = (
			);
			runOnlyForDeploymentPostprocessing = 0;
		};
		5F2A95232D00C7A600BB3BF2 /* Sources */ = {
			isa = PBXSourcesBuildPhase;
			buildActionMask = 2147483647;
			files = (
			);
			runOnlyForDeploymentPostprocessing = 0;
		};
/* End PBXSourcesBuildPhase section */

/* Begin PBXTargetDependency section */
		5F2A951F2D00C7A600BB3BF2 /* PBXTargetDependency */ = {
			isa = PBXTargetDependency;
			target = 5F2A950A2D00C7A400BB3BF2 /* OASwiftUIExample */;
			targetProxy = 5F2A951E2D00C7A600BB3BF2 /* PBXContainerItemProxy */;
		};
		5F2A95292D00C7A600BB3BF2 /* PBXTargetDependency */ = {
			isa = PBXTargetDependency;
			target = 5F2A950A2D00C7A400BB3BF2 /* OASwiftUIExample */;
			targetProxy = 5F2A95282D00C7A600BB3BF2 /* PBXContainerItemProxy */;
		};
/* End PBXTargetDependency section */

/* Begin XCBuildConfiguration section */
		5F2A952F2D00C7A600BB3BF2 /* Debug */ = {
			isa = XCBuildConfiguration;
			buildSettings = {
				ALWAYS_SEARCH_USER_PATHS = NO;
				ASSETCATALOG_COMPILER_GENERATE_SWIFT_ASSET_SYMBOL_EXTENSIONS = YES;
				CLANG_ANALYZER_NONNULL = YES;
				CLANG_ANALYZER_NUMBER_OBJECT_CONVERSION = YES_AGGRESSIVE;
				CLANG_CXX_LANGUAGE_STANDARD = "gnu++20";
				CLANG_ENABLE_MODULES = YES;
				CLANG_ENABLE_OBJC_ARC = YES;
				CLANG_ENABLE_OBJC_WEAK = YES;
				CLANG_WARN_BLOCK_CAPTURE_AUTORELEASING = YES;
				CLANG_WARN_BOOL_CONVERSION = YES;
				CLANG_WARN_COMMA = YES;
				CLANG_WARN_CONSTANT_CONVERSION = YES;
				CLANG_WARN_DEPRECATED_OBJC_IMPLEMENTATIONS = YES;
				CLANG_WARN_DIRECT_OBJC_ISA_USAGE = YES_ERROR;
				CLANG_WARN_DOCUMENTATION_COMMENTS = YES;
				CLANG_WARN_EMPTY_BODY = YES;
				CLANG_WARN_ENUM_CONVERSION = YES;
				CLANG_WARN_INFINITE_RECURSION = YES;
				CLANG_WARN_INT_CONVERSION = YES;
				CLANG_WARN_NON_LITERAL_NULL_CONVERSION = YES;
				CLANG_WARN_OBJC_IMPLICIT_RETAIN_SELF = YES;
				CLANG_WARN_OBJC_LITERAL_CONVERSION = YES;
				CLANG_WARN_OBJC_ROOT_CLASS = YES_ERROR;
				CLANG_WARN_QUOTED_INCLUDE_IN_FRAMEWORK_HEADER = YES;
				CLANG_WARN_RANGE_LOOP_ANALYSIS = YES;
				CLANG_WARN_STRICT_PROTOTYPES = YES;
				CLANG_WARN_SUSPICIOUS_MOVE = YES;
				CLANG_WARN_UNGUARDED_AVAILABILITY = YES_AGGRESSIVE;
				CLANG_WARN_UNREACHABLE_CODE = YES;
				CLANG_WARN__DUPLICATE_METHOD_MATCH = YES;
				COPY_PHASE_STRIP = NO;
				DEBUG_INFORMATION_FORMAT = dwarf;
				ENABLE_STRICT_OBJC_MSGSEND = YES;
				ENABLE_TESTABILITY = YES;
				ENABLE_USER_SCRIPT_SANDBOXING = YES;
				GCC_C_LANGUAGE_STANDARD = gnu17;
				GCC_DYNAMIC_NO_PIC = NO;
				GCC_NO_COMMON_BLOCKS = YES;
				GCC_OPTIMIZATION_LEVEL = 0;
				GCC_PREPROCESSOR_DEFINITIONS = (
					"DEBUG=1",
					"$(inherited)",
				);
				GCC_WARN_64_TO_32_BIT_CONVERSION = YES;
				GCC_WARN_ABOUT_RETURN_TYPE = YES_ERROR;
				GCC_WARN_UNDECLARED_SELECTOR = YES;
				GCC_WARN_UNINITIALIZED_AUTOS = YES_AGGRESSIVE;
				GCC_WARN_UNUSED_FUNCTION = YES;
				GCC_WARN_UNUSED_VARIABLE = YES;
				IPHONEOS_DEPLOYMENT_TARGET = 18.1;
				LOCALIZATION_PREFERS_STRING_CATALOGS = YES;
				MTL_ENABLE_DEBUG_INFO = INCLUDE_SOURCE;
				MTL_FAST_MATH = YES;
				ONLY_ACTIVE_ARCH = YES;
				SDKROOT = iphoneos;
				SWIFT_ACTIVE_COMPILATION_CONDITIONS = "DEBUG $(inherited)";
				SWIFT_OPTIMIZATION_LEVEL = "-Onone";
			};
			name = Debug;
		};
		5F2A95302D00C7A600BB3BF2 /* Release */ = {
			isa = XCBuildConfiguration;
			buildSettings = {
				ALWAYS_SEARCH_USER_PATHS = NO;
				ASSETCATALOG_COMPILER_GENERATE_SWIFT_ASSET_SYMBOL_EXTENSIONS = YES;
				CLANG_ANALYZER_NONNULL = YES;
				CLANG_ANALYZER_NUMBER_OBJECT_CONVERSION = YES_AGGRESSIVE;
				CLANG_CXX_LANGUAGE_STANDARD = "gnu++20";
				CLANG_ENABLE_MODULES = YES;
				CLANG_ENABLE_OBJC_ARC = YES;
				CLANG_ENABLE_OBJC_WEAK = YES;
				CLANG_WARN_BLOCK_CAPTURE_AUTORELEASING = YES;
				CLANG_WARN_BOOL_CONVERSION = YES;
				CLANG_WARN_COMMA = YES;
				CLANG_WARN_CONSTANT_CONVERSION = YES;
				CLANG_WARN_DEPRECATED_OBJC_IMPLEMENTATIONS = YES;
				CLANG_WARN_DIRECT_OBJC_ISA_USAGE = YES_ERROR;
				CLANG_WARN_DOCUMENTATION_COMMENTS = YES;
				CLANG_WARN_EMPTY_BODY = YES;
				CLANG_WARN_ENUM_CONVERSION = YES;
				CLANG_WARN_INFINITE_RECURSION = YES;
				CLANG_WARN_INT_CONVERSION = YES;
				CLANG_WARN_NON_LITERAL_NULL_CONVERSION = YES;
				CLANG_WARN_OBJC_IMPLICIT_RETAIN_SELF = YES;
				CLANG_WARN_OBJC_LITERAL_CONVERSION = YES;
				CLANG_WARN_OBJC_ROOT_CLASS = YES_ERROR;
				CLANG_WARN_QUOTED_INCLUDE_IN_FRAMEWORK_HEADER = YES;
				CLANG_WARN_RANGE_LOOP_ANALYSIS = YES;
				CLANG_WARN_STRICT_PROTOTYPES = YES;
				CLANG_WARN_SUSPICIOUS_MOVE = YES;
				CLANG_WARN_UNGUARDED_AVAILABILITY = YES_AGGRESSIVE;
				CLANG_WARN_UNREACHABLE_CODE = YES;
				CLANG_WARN__DUPLICATE_METHOD_MATCH = YES;
				COPY_PHASE_STRIP = NO;
				DEBUG_INFORMATION_FORMAT = "dwarf-with-dsym";
				ENABLE_NS_ASSERTIONS = NO;
				ENABLE_STRICT_OBJC_MSGSEND = YES;
				ENABLE_USER_SCRIPT_SANDBOXING = YES;
				GCC_C_LANGUAGE_STANDARD = gnu17;
				GCC_NO_COMMON_BLOCKS = YES;
				GCC_WARN_64_TO_32_BIT_CONVERSION = YES;
				GCC_WARN_ABOUT_RETURN_TYPE = YES_ERROR;
				GCC_WARN_UNDECLARED_SELECTOR = YES;
				GCC_WARN_UNINITIALIZED_AUTOS = YES_AGGRESSIVE;
				GCC_WARN_UNUSED_FUNCTION = YES;
				GCC_WARN_UNUSED_VARIABLE = YES;
				IPHONEOS_DEPLOYMENT_TARGET = 18.1;
				LOCALIZATION_PREFERS_STRING_CATALOGS = YES;
				MTL_ENABLE_DEBUG_INFO = NO;
				MTL_FAST_MATH = YES;
				SDKROOT = iphoneos;
				SWIFT_COMPILATION_MODE = wholemodule;
				VALIDATE_PRODUCT = YES;
			};
			name = Release;
		};
		5F2A95322D00C7A600BB3BF2 /* Debug */ = {
			isa = XCBuildConfiguration;
			buildSettings = {
				ASSETCATALOG_COMPILER_APPICON_NAME = AppIcon;
				ASSETCATALOG_COMPILER_GLOBAL_ACCENT_COLOR_NAME = AccentColor;
				CODE_SIGN_ENTITLEMENTS = OASwiftUIExample/OASwiftUIExample.entitlements;
				CODE_SIGN_STYLE = Automatic;
				CURRENT_PROJECT_VERSION = 1;
				DEVELOPMENT_ASSET_PATHS = "\"OASwiftUIExample/Preview Content\"";
				DEVELOPMENT_TEAM = 8ZKUDT7A65;
				ENABLE_PREVIEWS = YES;
				GENERATE_INFOPLIST_FILE = YES;
				INFOPLIST_KEY_NSUserTrackingUsageDescription = "Display Advertising ID to end user";
				INFOPLIST_KEY_UIApplicationSceneManifest_Generation = YES;
				INFOPLIST_KEY_UIApplicationSupportsIndirectInputEvents = YES;
				INFOPLIST_KEY_UILaunchScreen_Generation = YES;
				INFOPLIST_KEY_UISupportedInterfaceOrientations_iPad = "UIInterfaceOrientationPortrait UIInterfaceOrientationPortraitUpsideDown UIInterfaceOrientationLandscapeLeft UIInterfaceOrientationLandscapeRight";
				INFOPLIST_KEY_UISupportedInterfaceOrientations_iPhone = "UIInterfaceOrientationPortrait UIInterfaceOrientationLandscapeLeft UIInterfaceOrientationLandscapeRight";
				LD_RUNPATH_SEARCH_PATHS = (
					"$(inherited)",
					"@executable_path/Frameworks",
				);
				MARKETING_VERSION = 1.0;
				PRODUCT_BUNDLE_IDENTIFIER = com.ieesizaq.OASwiftUIExample;
				PRODUCT_NAME = "$(TARGET_NAME)";
				SWIFT_EMIT_LOC_STRINGS = YES;
				SWIFT_VERSION = 5.0;
				TARGETED_DEVICE_FAMILY = "1,2";
			};
			name = Debug;
		};
		5F2A95332D00C7A600BB3BF2 /* Release */ = {
			isa = XCBuildConfiguration;
			buildSettings = {
				ASSETCATALOG_COMPILER_APPICON_NAME = AppIcon;
				ASSETCATALOG_COMPILER_GLOBAL_ACCENT_COLOR_NAME = AccentColor;
				CODE_SIGN_ENTITLEMENTS = OASwiftUIExample/OASwiftUIExample.entitlements;
				CODE_SIGN_STYLE = Automatic;
				CURRENT_PROJECT_VERSION = 1;
				DEVELOPMENT_ASSET_PATHS = "\"OASwiftUIExample/Preview Content\"";
				DEVELOPMENT_TEAM = 8ZKUDT7A65;
				ENABLE_PREVIEWS = YES;
				GENERATE_INFOPLIST_FILE = YES;
				INFOPLIST_KEY_NSUserTrackingUsageDescription = "Display Advertising ID to end user";
				INFOPLIST_KEY_UIApplicationSceneManifest_Generation = YES;
				INFOPLIST_KEY_UIApplicationSupportsIndirectInputEvents = YES;
				INFOPLIST_KEY_UILaunchScreen_Generation = YES;
				INFOPLIST_KEY_UISupportedInterfaceOrientations_iPad = "UIInterfaceOrientationPortrait UIInterfaceOrientationPortraitUpsideDown UIInterfaceOrientationLandscapeLeft UIInterfaceOrientationLandscapeRight";
				INFOPLIST_KEY_UISupportedInterfaceOrientations_iPhone = "UIInterfaceOrientationPortrait UIInterfaceOrientationLandscapeLeft UIInterfaceOrientationLandscapeRight";
				LD_RUNPATH_SEARCH_PATHS = (
					"$(inherited)",
					"@executable_path/Frameworks",
				);
				MARKETING_VERSION = 1.0;
				PRODUCT_BUNDLE_IDENTIFIER = com.ieesizaq.OASwiftUIExample;
				PRODUCT_NAME = "$(TARGET_NAME)";
				SWIFT_EMIT_LOC_STRINGS = YES;
				SWIFT_VERSION = 5.0;
				TARGETED_DEVICE_FAMILY = "1,2";
			};
			name = Release;
		};
		5F2A95352D00C7A600BB3BF2 /* Debug */ = {
			isa = XCBuildConfiguration;
			buildSettings = {
				BUNDLE_LOADER = "$(TEST_HOST)";
				CODE_SIGN_STYLE = Automatic;
				CURRENT_PROJECT_VERSION = 1;
				DEVELOPMENT_TEAM = 8ZKUDT7A65;
				GENERATE_INFOPLIST_FILE = YES;
				IPHONEOS_DEPLOYMENT_TARGET = 18.1;
				MARKETING_VERSION = 1.0;
				PRODUCT_BUNDLE_IDENTIFIER = com.ieesizaq.OASwiftUIExampleTests;
				PRODUCT_NAME = "$(TARGET_NAME)";
				SWIFT_EMIT_LOC_STRINGS = NO;
				SWIFT_VERSION = 5.0;
				TARGETED_DEVICE_FAMILY = "1,2";
				TEST_HOST = "$(BUILT_PRODUCTS_DIR)/OASwiftUIExample.app/$(BUNDLE_EXECUTABLE_FOLDER_PATH)/OASwiftUIExample";
			};
			name = Debug;
		};
		5F2A95362D00C7A600BB3BF2 /* Release */ = {
			isa = XCBuildConfiguration;
			buildSettings = {
				BUNDLE_LOADER = "$(TEST_HOST)";
				CODE_SIGN_STYLE = Automatic;
				CURRENT_PROJECT_VERSION = 1;
				DEVELOPMENT_TEAM = 8ZKUDT7A65;
				GENERATE_INFOPLIST_FILE = YES;
				IPHONEOS_DEPLOYMENT_TARGET = 18.1;
				MARKETING_VERSION = 1.0;
				PRODUCT_BUNDLE_IDENTIFIER = com.ieesizaq.OASwiftUIExampleTests;
				PRODUCT_NAME = "$(TARGET_NAME)";
				SWIFT_EMIT_LOC_STRINGS = NO;
				SWIFT_VERSION = 5.0;
				TARGETED_DEVICE_FAMILY = "1,2";
				TEST_HOST = "$(BUILT_PRODUCTS_DIR)/OASwiftUIExample.app/$(BUNDLE_EXECUTABLE_FOLDER_PATH)/OASwiftUIExample";
			};
			name = Release;
		};
		5F2A95382D00C7A600BB3BF2 /* Debug */ = {
			isa = XCBuildConfiguration;
			buildSettings = {
				CODE_SIGN_STYLE = Automatic;
				CURRENT_PROJECT_VERSION = 1;
				DEVELOPMENT_TEAM = 8ZKUDT7A65;
				GENERATE_INFOPLIST_FILE = YES;
				MARKETING_VERSION = 1.0;
				PRODUCT_BUNDLE_IDENTIFIER = com.ieesizaq.OASwiftUIExampleUITests;
				PRODUCT_NAME = "$(TARGET_NAME)";
				SWIFT_EMIT_LOC_STRINGS = NO;
				SWIFT_VERSION = 5.0;
				TARGETED_DEVICE_FAMILY = "1,2";
				TEST_TARGET_NAME = OASwiftUIExample;
			};
			name = Debug;
		};
		5F2A95392D00C7A600BB3BF2 /* Release */ = {
			isa = XCBuildConfiguration;
			buildSettings = {
				CODE_SIGN_STYLE = Automatic;
				CURRENT_PROJECT_VERSION = 1;
				DEVELOPMENT_TEAM = 8ZKUDT7A65;
				GENERATE_INFOPLIST_FILE = YES;
				MARKETING_VERSION = 1.0;
				PRODUCT_BUNDLE_IDENTIFIER = com.ieesizaq.OASwiftUIExampleUITests;
				PRODUCT_NAME = "$(TARGET_NAME)";
				SWIFT_EMIT_LOC_STRINGS = NO;
				SWIFT_VERSION = 5.0;
				TARGETED_DEVICE_FAMILY = "1,2";
				TEST_TARGET_NAME = OASwiftUIExample;
			};
			name = Release;
		};
/* End XCBuildConfiguration section */

/* Begin XCConfigurationList section */
		5F2A95062D00C7A400BB3BF2 /* Build configuration list for PBXProject "OASwiftUIExample" */ = {
			isa = XCConfigurationList;
			buildConfigurations = (
				5F2A952F2D00C7A600BB3BF2 /* Debug */,
				5F2A95302D00C7A600BB3BF2 /* Release */,
			);
			defaultConfigurationIsVisible = 0;
			defaultConfigurationName = Release;
		};
		5F2A95312D00C7A600BB3BF2 /* Build configuration list for PBXNativeTarget "OASwiftUIExample" */ = {
			isa = XCConfigurationList;
			buildConfigurations = (
				5F2A95322D00C7A600BB3BF2 /* Debug */,
				5F2A95332D00C7A600BB3BF2 /* Release */,
			);
			defaultConfigurationIsVisible = 0;
			defaultConfigurationName = Release;
		};
		5F2A95342D00C7A600BB3BF2 /* Build configuration list for PBXNativeTarget "OASwiftUIExampleTests" */ = {
			isa = XCConfigurationList;
			buildConfigurations = (
				5F2A95352D00C7A600BB3BF2 /* Debug */,
				5F2A95362D00C7A600BB3BF2 /* Release */,
			);
			defaultConfigurationIsVisible = 0;
			defaultConfigurationName = Release;
		};
		5F2A95372D00C7A600BB3BF2 /* Build configuration list for PBXNativeTarget "OASwiftUIExampleUITests" */ = {
			isa = XCConfigurationList;
			buildConfigurations = (
				5F2A95382D00C7A600BB3BF2 /* Debug */,
				5F2A95392D00C7A600BB3BF2 /* Release */,
			);
			defaultConfigurationIsVisible = 0;
			defaultConfigurationName = Release;
		};
/* End XCConfigurationList section */

/* Begin XCLocalSwiftPackageReference section */
		5F2A955C2D01A75E00BB3BF2 /* XCLocalSwiftPackageReference "../../../oa-ios-sdk" */ = {
			isa = XCLocalSwiftPackageReference;
			relativePath = "../../../oa-ios-sdk";
		};
/* End XCLocalSwiftPackageReference section */

/* Begin XCSwiftPackageProductDependency section */
		5F2A955D2D01A75E00BB3BF2 /* Marketing */ = {
			isa = XCSwiftPackageProductDependency;
			productName = Marketing;
		};
		5F2A955F2D01A75E00BB3BF2 /* MarketingData */ = {
			isa = XCSwiftPackageProductDependency;
			productName = MarketingData;
		};
		5F2A95952D02F53C00BB3BF2 /* MarketingDataIDFA */ = {
			isa = XCSwiftPackageProductDependency;
			package = 5F2A955C2D01A75E00BB3BF2 /* XCLocalSwiftPackageReference "../../../oa-ios-sdk" */;
			productName = MarketingDataIDFA;
		};
/* End XCSwiftPackageProductDependency section */
	};
	rootObject = 5F2A95032D00C7A400BB3BF2 /* Project object */;
}
