// !$*UTF8*$!
{
	archiveVersion = 1;
	classes = {
	};
	objectVersion = 77;
	objects = {

/* Begin PBXBuildFile section */
		5F1A405C2D6F020F0079101B /* Marketing in Frameworks */ = {isa = PBXBuildFile; productRef = 5F1A405B2D6F020F0079101B /* Marketing */; };
		5F1A405E2D6F020F0079101B /* MarketingData in Frameworks */ = {isa = PBXBuildFile; productRef = 5F1A405D2D6F020F0079101B /* MarketingData */; };
/* End PBXBuildFile section */

/* Begin PBXContainerItemProxy section */
		5F96E9C82D68697500A0BB6B /* PBXContainerItemProxy */ = {
			isa = PBXContainerItemProxy;
			containerPortal = 5F96E9A42D68697300A0BB6B /* Project object */;
			proxyType = 1;
			remoteGlobalIDString = 5F96E9AB2D68697300A0BB6B;
			remoteInfo = OAAppDelegateExample;
		};
		5F96E9D22D68697500A0BB6B /* PBXContainerItemProxy */ = {
			isa = PBXContainerItemProxy;
			containerPortal = 5F96E9A42D68697300A0BB6B /* Project object */;
			proxyType = 1;
			remoteGlobalIDString = 5F96E9AB2D68697300A0BB6B;
			remoteInfo = OAAppDelegateExample;
		};
/* End PBXContainerItemProxy section */

/* Begin PBXFileReference section */
		5F96E9AC2D68697300A0BB6B /* OAAppDelegateExample.app */ = {isa = PBXFileReference; explicitFileType = wrapper.application; includeInIndex = 0; path = OAAppDelegateExample.app; sourceTree = BUILT_PRODUCTS_DIR; };
		5F96E9C72D68697500A0BB6B /* OAAppDelegateExampleTests.xctest */ = {isa = PBXFileReference; explicitFileType = wrapper.cfbundle; includeInIndex = 0; path = OAAppDelegateExampleTests.xctest; sourceTree = BUILT_PRODUCTS_DIR; };
		5F96E9D12D68697500A0BB6B /* OAAppDelegateExampleUITests.xctest */ = {isa = PBXFileReference; explicitFileType = wrapper.cfbundle; includeInIndex = 0; path = OAAppDelegateExampleUITests.xctest; sourceTree = BUILT_PRODUCTS_DIR; };
/* End PBXFileReference section */

/* Begin PBXFileSystemSynchronizedBuildFileExceptionSet section */
		5F96E9D92D68697500A0BB6B /* Exceptions for "OAAppDelegateExample" folder in "OAAppDelegateExample" target */ = {
			isa = PBXFileSystemSynchronizedBuildFileExceptionSet;
			membershipExceptions = (
				Info.plist,
			);
			target = 5F96E9AB2D68697300A0BB6B /* OAAppDelegateExample */;
		};
/* End PBXFileSystemSynchronizedBuildFileExceptionSet section */

/* Begin PBXFileSystemSynchronizedRootGroup section */
		5F96E9AE2D68697300A0BB6B /* OAAppDelegateExample */ = {
			isa = PBXFileSystemSynchronizedRootGroup;
			exceptions = (
				5F96E9D92D68697500A0BB6B /* Exceptions for "OAAppDelegateExample" folder in "OAAppDelegateExample" target */,
			);
			path = OAAppDelegateExample;
			sourceTree = "<group>";
		};
		5F96E9CA2D68697500A0BB6B /* OAAppDelegateExampleTests */ = {
			isa = PBXFileSystemSynchronizedRootGroup;
			path = OAAppDelegateExampleTests;
			sourceTree = "<group>";
		};
		5F96E9D42D68697500A0BB6B /* OAAppDelegateExampleUITests */ = {
			isa = PBXFileSystemSynchronizedRootGroup;
			path = OAAppDelegateExampleUITests;
			sourceTree = "<group>";
		};
/* End PBXFileSystemSynchronizedRootGroup section */

/* Begin PBXFrameworksBuildPhase section */
		5F96E9A92D68697300A0BB6B /* Frameworks */ = {
			isa = PBXFrameworksBuildPhase;
			buildActionMask = 2147483647;
			files = (
				5F1A405C2D6F020F0079101B /* Marketing in Frameworks */,
				5F1A405E2D6F020F0079101B /* MarketingData in Frameworks */,
			);
			runOnlyForDeploymentPostprocessing = 0;
		};
		5F96E9C42D68697500A0BB6B /* Frameworks */ = {
			isa = PBXFrameworksBuildPhase;
			buildActionMask = 2147483647;
			files = (
			);
			runOnlyForDeploymentPostprocessing = 0;
		};
		5F96E9CE2D68697500A0BB6B /* Frameworks */ = {
			isa = PBXFrameworksBuildPhase;
			buildActionMask = 2147483647;
			files = (
			);
			runOnlyForDeploymentPostprocessing = 0;
		};
/* End PBXFrameworksBuildPhase section */

/* Begin PBXGroup section */
		5F96E9A32D68697300A0BB6B = {
			isa = PBXGroup;
			children = (
				5F96E9AE2D68697300A0BB6B /* OAAppDelegateExample */,
				5F96E9CA2D68697500A0BB6B /* OAAppDelegateExampleTests */,
				5F96E9D42D68697500A0BB6B /* OAAppDelegateExampleUITests */,
				5F96E9AD2D68697300A0BB6B /* Products */,
			);
			sourceTree = "<group>";
		};
		5F96E9AD2D68697300A0BB6B /* Products */ = {
			isa = PBXGroup;
			children = (
				5F96E9AC2D68697300A0BB6B /* OAAppDelegateExample.app */,
				5F96E9C72D68697500A0BB6B /* OAAppDelegateExampleTests.xctest */,
				5F96E9D12D68697500A0BB6B /* OAAppDelegateExampleUITests.xctest */,
			);
			name = Products;
			sourceTree = "<group>";
		};
/* End PBXGroup section */

/* Begin PBXNativeTarget section */
		5F96E9AB2D68697300A0BB6B /* OAAppDelegateExample */ = {
			isa = PBXNativeTarget;
			buildConfigurationList = 5F96E9DA2D68697500A0BB6B /* Build configuration list for PBXNativeTarget "OAAppDelegateExample" */;
			buildPhases = (
				5F96E9A82D68697300A0BB6B /* Sources */,
				5F96E9A92D68697300A0BB6B /* Frameworks */,
				5F96E9AA2D68697300A0BB6B /* Resources */,
			);
			buildRules = (
			);
			dependencies = (
			);
			fileSystemSynchronizedGroups = (
				5F96E9AE2D68697300A0BB6B /* OAAppDelegateExample */,
			);
			name = OAAppDelegateExample;
			packageProductDependencies = (
				5F1A405B2D6F020F0079101B /* Marketing */,
				5F1A405D2D6F020F0079101B /* MarketingData */,
			);
			productName = OAAppDelegateExample;
			productReference = 5F96E9AC2D68697300A0BB6B /* OAAppDelegateExample.app */;
			productType = "com.apple.product-type.application";
		};
		5F96E9C62D68697500A0BB6B /* OAAppDelegateExampleTests */ = {
			isa = PBXNativeTarget;
			buildConfigurationList = 5F96E9DF2D68697500A0BB6B /* Build configuration list for PBXNativeTarget "OAAppDelegateExampleTests" */;
			buildPhases = (
				5F96E9C32D68697500A0BB6B /* Sources */,
				5F96E9C42D68697500A0BB6B /* Frameworks */,
				5F96E9C52D68697500A0BB6B /* Resources */,
			);
			buildRules = (
			);
			dependencies = (
				5F96E9C92D68697500A0BB6B /* PBXTargetDependency */,
			);
			fileSystemSynchronizedGroups = (
				5F96E9CA2D68697500A0BB6B /* OAAppDelegateExampleTests */,
			);
			name = OAAppDelegateExampleTests;
			packageProductDependencies = (
			);
			productName = OAAppDelegateExampleTests;
			productReference = 5F96E9C72D68697500A0BB6B /* OAAppDelegateExampleTests.xctest */;
			productType = "com.apple.product-type.bundle.unit-test";
		};
		5F96E9D02D68697500A0BB6B /* OAAppDelegateExampleUITests */ = {
			isa = PBXNativeTarget;
			buildConfigurationList = 5F96E9E22D68697500A0BB6B /* Build configuration list for PBXNativeTarget "OAAppDelegateExampleUITests" */;
			buildPhases = (
				5F96E9CD2D68697500A0BB6B /* Sources */,
				5F96E9CE2D68697500A0BB6B /* Frameworks */,
				5F96E9CF2D68697500A0BB6B /* Resources */,
			);
			buildRules = (
			);
			dependencies = (
				5F96E9D32D68697500A0BB6B /* PBXTargetDependency */,
			);
			fileSystemSynchronizedGroups = (
				5F96E9D42D68697500A0BB6B /* OAAppDelegateExampleUITests */,
			);
			name = OAAppDelegateExampleUITests;
			packageProductDependencies = (
			);
			productName = OAAppDelegateExampleUITests;
			productReference = 5F96E9D12D68697500A0BB6B /* OAAppDelegateExampleUITests.xctest */;
			productType = "com.apple.product-type.bundle.ui-testing";
		};
/* End PBXNativeTarget section */

/* Begin PBXProject section */
		5F96E9A42D68697300A0BB6B /* Project object */ = {
			isa = PBXProject;
			attributes = {
				BuildIndependentTargetsInParallel = 1;
				LastUpgradeCheck = 1620;
				TargetAttributes = {
					5F96E9AB2D68697300A0BB6B = {
						CreatedOnToolsVersion = 16.2;
					};
					5F96E9C62D68697500A0BB6B = {
						CreatedOnToolsVersion = 16.2;
						TestTargetID = 5F96E9AB2D68697300A0BB6B;
					};
					5F96E9D02D68697500A0BB6B = {
						CreatedOnToolsVersion = 16.2;
						TestTargetID = 5F96E9AB2D68697300A0BB6B;
					};
				};
			};
			buildConfigurationList = 5F96E9A72D68697300A0BB6B /* Build configuration list for PBXProject "OAAppDelegateExample" */;
			developmentRegion = en;
			hasScannedForEncodings = 0;
			knownRegions = (
				en,
				Base,
			);
			mainGroup = 5F96E9A32D68697300A0BB6B;
			minimizedProjectReferenceProxies = 1;
			packageReferences = (
				5F1A405A2D6F020F0079101B /* XCLocalSwiftPackageReference "../../../oa-ios-sdk" */,
			);
			preferredProjectObjectVersion = 77;
			productRefGroup = 5F96E9AD2D68697300A0BB6B /* Products */;
			projectDirPath = "";
			projectRoot = "";
			targets = (
				5F96E9AB2D68697300A0BB6B /* OAAppDelegateExample */,
				5F96E9C62D68697500A0BB6B /* OAAppDelegateExampleTests */,
				5F96E9D02D68697500A0BB6B /* OAAppDelegateExampleUITests */,
			);
		};
/* End PBXProject section */

/* Begin PBXResourcesBuildPhase section */
		5F96E9AA2D68697300A0BB6B /* Resources */ = {
			isa = PBXResourcesBuildPhase;
			buildActionMask = 2147483647;
			files = (
			);
			runOnlyForDeploymentPostprocessing = 0;
		};
		5F96E9C52D68697500A0BB6B /* Resources */ = {
			isa = PBXResourcesBuildPhase;
			buildActionMask = 2147483647;
			files = (
			);
			runOnlyForDeploymentPostprocessing = 0;
		};
		5F96E9CF2D68697500A0BB6B /* Resources */ = {
			isa = PBXResourcesBuildPhase;
			buildActionMask = 2147483647;
			files = (
			);
			runOnlyForDeploymentPostprocessing = 0;
		};
/* End PBXResourcesBuildPhase section */

/* Begin PBXSourcesBuildPhase section */
		5F96E9A82D68697300A0BB6B /* Sources */ = {
			isa = PBXSourcesBuildPhase;
			buildActionMask = 2147483647;
			files = (
			);
			runOnlyForDeploymentPostprocessing = 0;
		};
		5F96E9C32D68697500A0BB6B /* Sources */ = {
			isa = PBXSourcesBuildPhase;
			buildActionMask = 2147483647;
			files = (
			);
			runOnlyForDeploymentPostprocessing = 0;
		};
		5F96E9CD2D68697500A0BB6B /* Sources */ = {
			isa = PBXSourcesBuildPhase;
			buildActionMask = 2147483647;
			files = (
			);
			runOnlyForDeploymentPostprocessing = 0;
		};
/* End PBXSourcesBuildPhase section */

/* Begin PBXTargetDependency section */
		5F96E9C92D68697500A0BB6B /* PBXTargetDependency */ = {
			isa = PBXTargetDependency;
			target = 5F96E9AB2D68697300A0BB6B /* OAAppDelegateExample */;
			targetProxy = 5F96E9C82D68697500A0BB6B /* PBXContainerItemProxy */;
		};
		5F96E9D32D68697500A0BB6B /* PBXTargetDependency */ = {
			isa = PBXTargetDependency;
			target = 5F96E9AB2D68697300A0BB6B /* OAAppDelegateExample */;
			targetProxy = 5F96E9D22D68697500A0BB6B /* PBXContainerItemProxy */;
		};
/* End PBXTargetDependency section */

/* Begin XCBuildConfiguration section */
		5F96E9DB2D68697500A0BB6B /* Debug */ = {
			isa = XCBuildConfiguration;
			buildSettings = {
				ASSETCATALOG_COMPILER_APPICON_NAME = AppIcon;
				ASSETCATALOG_COMPILER_GLOBAL_ACCENT_COLOR_NAME = AccentColor;
				CODE_SIGN_STYLE = Automatic;
				CURRENT_PROJECT_VERSION = 1;
				DEVELOPMENT_TEAM = 8ZKUDT7A65;
				GENERATE_INFOPLIST_FILE = YES;
				INFOPLIST_FILE = OAAppDelegateExample/Info.plist;
				INFOPLIST_KEY_UIApplicationSupportsIndirectInputEvents = YES;
				INFOPLIST_KEY_UILaunchStoryboardName = LaunchScreen;
				INFOPLIST_KEY_UIMainStoryboardFile = Main;
				INFOPLIST_KEY_UISupportedInterfaceOrientations_iPad = "UIInterfaceOrientationPortrait UIInterfaceOrientationPortraitUpsideDown UIInterfaceOrientationLandscapeLeft UIInterfaceOrientationLandscapeRight";
				INFOPLIST_KEY_UISupportedInterfaceOrientations_iPhone = "UIInterfaceOrientationPortrait UIInterfaceOrientationLandscapeLeft UIInterfaceOrientationLandscapeRight";
				LD_RUNPATH_SEARCH_PATHS = (
					"$(inherited)",
					"@executable_path/Frameworks",
				);
				MARKETING_VERSION = 1.0;
				PRODUCT_BUNDLE_IDENTIFIER = com.ieesizaq.OAAppDelegateExample;
				PRODUCT_NAME = "$(TARGET_NAME)";
				SWIFT_EMIT_LOC_STRINGS = YES;
				TARGETED_DEVICE_FAMILY = "1,2";
			};
			name = Debug;
		};
		5F96E9DC2D68697500A0BB6B /* Release */ = {
			isa = XCBuildConfiguration;
			buildSettings = {
				ASSETCATALOG_COMPILER_APPICON_NAME = AppIcon;
				ASSETCATALOG_COMPILER_GLOBAL_ACCENT_COLOR_NAME = AccentColor;
				CODE_SIGN_STYLE = Automatic;
				CURRENT_PROJECT_VERSION = 1;
				DEVELOPMENT_TEAM = 8ZKUDT7A65;
				GENERATE_INFOPLIST_FILE = YES;
				INFOPLIST_FILE = OAAppDelegateExample/Info.plist;
				INFOPLIST_KEY_UIApplicationSupportsIndirectInputEvents = YES;
				INFOPLIST_KEY_UILaunchStoryboardName = LaunchScreen;
				INFOPLIST_KEY_UIMainStoryboardFile = Main;
				INFOPLIST_KEY_UISupportedInterfaceOrientations_iPad = "UIInterfaceOrientationPortrait UIInterfaceOrientationPortraitUpsideDown UIInterfaceOrientationLandscapeLeft UIInterfaceOrientationLandscapeRight";
				INFOPLIST_KEY_UISupportedInterfaceOrientations_iPhone = "UIInterfaceOrientationPortrait UIInterfaceOrientationLandscapeLeft UIInterfaceOrientationLandscapeRight";
				LD_RUNPATH_SEARCH_PATHS = (
					"$(inherited)",
					"@executable_path/Frameworks",
				);
				MARKETING_VERSION = 1.0;
				PRODUCT_BUNDLE_IDENTIFIER = com.ieesizaq.OAAppDelegateExample;
				PRODUCT_NAME = "$(TARGET_NAME)";
				SWIFT_EMIT_LOC_STRINGS = YES;
				TARGETED_DEVICE_FAMILY = "1,2";
			};
			name = Release;
		};
		5F96E9DD2D68697500A0BB6B /* Debug */ = {
			isa = XCBuildConfiguration;
			buildSettings = {
				ALWAYS_SEARCH_USER_PATHS = NO;
				ASSETCATALOG_COMPILER_GENERATE_SWIFT_ASSET_SYMBOL_EXTENSIONS = YES;
				CLANG_ANALYZER_NONNULL = YES;
				CLANG_ANALYZER_NUMBER_OBJECT_CONVERSION = YES_AGGRESSIVE;
				CLANG_CXX_LANGUAGE_STANDARD = "gnu++20";
				CLANG_ENABLE_MODULES = YES;
				CLANG_ENABLE_OBJC_ARC = YES;
				CLANG_ENABLE_OBJC_WEAK = YES;
				CLANG_WARN_BLOCK_CAPTURE_AUTORELEASING = YES;
				CLANG_WARN_BOOL_CONVERSION = YES;
				CLANG_WARN_COMMA = YES;
				CLANG_WARN_CONSTANT_CONVERSION = YES;
				CLANG_WARN_DEPRECATED_OBJC_IMPLEMENTATIONS = YES;
				CLANG_WARN_DIRECT_OBJC_ISA_USAGE = YES_ERROR;
				CLANG_WARN_DOCUMENTATION_COMMENTS = YES;
				CLANG_WARN_EMPTY_BODY = YES;
				CLANG_WARN_ENUM_CONVERSION = YES;
				CLANG_WARN_INFINITE_RECURSION = YES;
				CLANG_WARN_INT_CONVERSION = YES;
				CLANG_WARN_NON_LITERAL_NULL_CONVERSION = YES;
				CLANG_WARN_OBJC_IMPLICIT_RETAIN_SELF = YES;
				CLANG_WARN_OBJC_LITERAL_CONVERSION = YES;
				CLANG_WARN_OBJC_ROOT_CLASS = YES_ERROR;
				CLANG_WARN_QUOTED_INCLUDE_IN_FRAMEWORK_HEADER = YES;
				CLANG_WARN_RANGE_LOOP_ANALYSIS = YES;
				CLANG_WARN_STRICT_PROTOTYPES = YES;
				CLANG_WARN_SUSPICIOUS_MOVE = YES;
				CLANG_WARN_UNGUARDED_AVAILABILITY = YES_AGGRESSIVE;
				CLANG_WARN_UNREACHABLE_CODE = YES;
				CLANG_WARN__DUPLICATE_METHOD_MATCH = YES;
				COPY_PHASE_STRIP = NO;
				DEBUG_INFORMATION_FORMAT = dwarf;
				ENABLE_STRICT_OBJC_MSGSEND = YES;
				ENABLE_TESTABILITY = YES;
				ENABLE_USER_SCRIPT_SANDBOXING = YES;
				GCC_C_LANGUAGE_STANDARD = gnu17;
				GCC_DYNAMIC_NO_PIC = NO;
				GCC_NO_COMMON_BLOCKS = YES;
				GCC_OPTIMIZATION_LEVEL = 0;
				GCC_PREPROCESSOR_DEFINITIONS = (
					"DEBUG=1",
					"$(inherited)",
				);
				GCC_WARN_64_TO_32_BIT_CONVERSION = YES;
				GCC_WARN_ABOUT_RETURN_TYPE = YES_ERROR;
				GCC_WARN_UNDECLARED_SELECTOR = YES;
				GCC_WARN_UNINITIALIZED_AUTOS = YES_AGGRESSIVE;
				GCC_WARN_UNUSED_FUNCTION = YES;
				GCC_WARN_UNUSED_VARIABLE = YES;
				IPHONEOS_DEPLOYMENT_TARGET = 18.2;
				LOCALIZATION_PREFERS_STRING_CATALOGS = YES;
				MTL_ENABLE_DEBUG_INFO = INCLUDE_SOURCE;
				MTL_FAST_MATH = YES;
				ONLY_ACTIVE_ARCH = YES;
				SDKROOT = iphoneos;
			};
			name = Debug;
		};
		5F96E9DE2D68697500A0BB6B /* Release */ = {
			isa = XCBuildConfiguration;
			buildSettings = {
				ALWAYS_SEARCH_USER_PATHS = NO;
				ASSETCATALOG_COMPILER_GENERATE_SWIFT_ASSET_SYMBOL_EXTENSIONS = YES;
				CLANG_ANALYZER_NONNULL = YES;
				CLANG_ANALYZER_NUMBER_OBJECT_CONVERSION = YES_AGGRESSIVE;
				CLANG_CXX_LANGUAGE_STANDARD = "gnu++20";
				CLANG_ENABLE_MODULES = YES;
				CLANG_ENABLE_OBJC_ARC = YES;
				CLANG_ENABLE_OBJC_WEAK = YES;
				CLANG_WARN_BLOCK_CAPTURE_AUTORELEASING = YES;
				CLANG_WARN_BOOL_CONVERSION = YES;
				CLANG_WARN_COMMA = YES;
				CLANG_WARN_CONSTANT_CONVERSION = YES;
				CLANG_WARN_DEPRECATED_OBJC_IMPLEMENTATIONS = YES;
				CLANG_WARN_DIRECT_OBJC_ISA_USAGE = YES_ERROR;
				CLANG_WARN_DOCUMENTATION_COMMENTS = YES;
				CLANG_WARN_EMPTY_BODY = YES;
				CLANG_WARN_ENUM_CONVERSION = YES;
				CLANG_WARN_INFINITE_RECURSION = YES;
				CLANG_WARN_INT_CONVERSION = YES;
				CLANG_WARN_NON_LITERAL_NULL_CONVERSION = YES;
				CLANG_WARN_OBJC_IMPLICIT_RETAIN_SELF = YES;
				CLANG_WARN_OBJC_LITERAL_CONVERSION = YES;
				CLANG_WARN_OBJC_ROOT_CLASS = YES_ERROR;
				CLANG_WARN_QUOTED_INCLUDE_IN_FRAMEWORK_HEADER = YES;
				CLANG_WARN_RANGE_LOOP_ANALYSIS = YES;
				CLANG_WARN_STRICT_PROTOTYPES = YES;
				CLANG_WARN_SUSPICIOUS_MOVE = YES;
				CLANG_WARN_UNGUARDED_AVAILABILITY = YES_AGGRESSIVE;
				CLANG_WARN_UNREACHABLE_CODE = YES;
				CLANG_WARN__DUPLICATE_METHOD_MATCH = YES;
				COPY_PHASE_STRIP = NO;
				DEBUG_INFORMATION_FORMAT = "dwarf-with-dsym";
				ENABLE_NS_ASSERTIONS = NO;
				ENABLE_STRICT_OBJC_MSGSEND = YES;
				ENABLE_USER_SCRIPT_SANDBOXING = YES;
				GCC_C_LANGUAGE_STANDARD = gnu17;
				GCC_NO_COMMON_BLOCKS = YES;
				GCC_WARN_64_TO_32_BIT_CONVERSION = YES;
				GCC_WARN_ABOUT_RETURN_TYPE = YES_ERROR;
				GCC_WARN_UNDECLARED_SELECTOR = YES;
				GCC_WARN_UNINITIALIZED_AUTOS = YES_AGGRESSIVE;
				GCC_WARN_UNUSED_FUNCTION = YES;
				GCC_WARN_UNUSED_VARIABLE = YES;
				IPHONEOS_DEPLOYMENT_TARGET = 18.2;
				LOCALIZATION_PREFERS_STRING_CATALOGS = YES;
				MTL_ENABLE_DEBUG_INFO = NO;
				MTL_FAST_MATH = YES;
				SDKROOT = iphoneos;
				VALIDATE_PRODUCT = YES;
			};
			name = Release;
		};
		5F96E9E02D68697500A0BB6B /* Debug */ = {
			isa = XCBuildConfiguration;
			buildSettings = {
				BUNDLE_LOADER = "$(TEST_HOST)";
				CODE_SIGN_STYLE = Automatic;
				CURRENT_PROJECT_VERSION = 1;
				DEVELOPMENT_TEAM = 8ZKUDT7A65;
				GENERATE_INFOPLIST_FILE = YES;
				IPHONEOS_DEPLOYMENT_TARGET = 18.2;
				MARKETING_VERSION = 1.0;
				PRODUCT_BUNDLE_IDENTIFIER = com.ieesizaq.OAAppDelegateExampleTests;
				PRODUCT_NAME = "$(TARGET_NAME)";
				SWIFT_EMIT_LOC_STRINGS = NO;
				TARGETED_DEVICE_FAMILY = "1,2";
				TEST_HOST = "$(BUILT_PRODUCTS_DIR)/OAAppDelegateExample.app/$(BUNDLE_EXECUTABLE_FOLDER_PATH)/OAAppDelegateExample";
			};
			name = Debug;
		};
		5F96E9E12D68697500A0BB6B /* Release */ = {
			isa = XCBuildConfiguration;
			buildSettings = {
				BUNDLE_LOADER = "$(TEST_HOST)";
				CODE_SIGN_STYLE = Automatic;
				CURRENT_PROJECT_VERSION = 1;
				DEVELOPMENT_TEAM = 8ZKUDT7A65;
				GENERATE_INFOPLIST_FILE = YES;
				IPHONEOS_DEPLOYMENT_TARGET = 18.2;
				MARKETING_VERSION = 1.0;
				PRODUCT_BUNDLE_IDENTIFIER = com.ieesizaq.OAAppDelegateExampleTests;
				PRODUCT_NAME = "$(TARGET_NAME)";
				SWIFT_EMIT_LOC_STRINGS = NO;
				TARGETED_DEVICE_FAMILY = "1,2";
				TEST_HOST = "$(BUILT_PRODUCTS_DIR)/OAAppDelegateExample.app/$(BUNDLE_EXECUTABLE_FOLDER_PATH)/OAAppDelegateExample";
			};
			name = Release;
		};
		5F96E9E32D68697500A0BB6B /* Debug */ = {
			isa = XCBuildConfiguration;
			buildSettings = {
				CODE_SIGN_STYLE = Automatic;
				CURRENT_PROJECT_VERSION = 1;
				DEVELOPMENT_TEAM = 8ZKUDT7A65;
				GENERATE_INFOPLIST_FILE = YES;
				MARKETING_VERSION = 1.0;
				PRODUCT_BUNDLE_IDENTIFIER = com.ieesizaq.OAAppDelegateExampleUITests;
				PRODUCT_NAME = "$(TARGET_NAME)";
				SWIFT_EMIT_LOC_STRINGS = NO;
				TARGETED_DEVICE_FAMILY = "1,2";
				TEST_TARGET_NAME = OAAppDelegateExample;
			};
			name = Debug;
		};
		5F96E9E42D68697500A0BB6B /* Release */ = {
			isa = XCBuildConfiguration;
			buildSettings = {
				CODE_SIGN_STYLE = Automatic;
				CURRENT_PROJECT_VERSION = 1;
				DEVELOPMENT_TEAM = 8ZKUDT7A65;
				GENERATE_INFOPLIST_FILE = YES;
				MARKETING_VERSION = 1.0;
				PRODUCT_BUNDLE_IDENTIFIER = com.ieesizaq.OAAppDelegateExampleUITests;
				PRODUCT_NAME = "$(TARGET_NAME)";
				SWIFT_EMIT_LOC_STRINGS = NO;
				TARGETED_DEVICE_FAMILY = "1,2";
				TEST_TARGET_NAME = OAAppDelegateExample;
			};
			name = Release;
		};
/* End XCBuildConfiguration section */

/* Begin XCConfigurationList section */
		5F96E9A72D68697300A0BB6B /* Build configuration list for PBXProject "OAAppDelegateExample" */ = {
			isa = XCConfigurationList;
			buildConfigurations = (
				5F96E9DD2D68697500A0BB6B /* Debug */,
				5F96E9DE2D68697500A0BB6B /* Release */,
			);
			defaultConfigurationIsVisible = 0;
			defaultConfigurationName = Release;
		};
		5F96E9DA2D68697500A0BB6B /* Build configuration list for PBXNativeTarget "OAAppDelegateExample" */ = {
			isa = XCConfigurationList;
			buildConfigurations = (
				5F96E9DB2D68697500A0BB6B /* Debug */,
				5F96E9DC2D68697500A0BB6B /* Release */,
			);
			defaultConfigurationIsVisible = 0;
			defaultConfigurationName = Release;
		};
		5F96E9DF2D68697500A0BB6B /* Build configuration list for PBXNativeTarget "OAAppDelegateExampleTests" */ = {
			isa = XCConfigurationList;
			buildConfigurations = (
				5F96E9E02D68697500A0BB6B /* Debug */,
				5F96E9E12D68697500A0BB6B /* Release */,
			);
			defaultConfigurationIsVisible = 0;
			defaultConfigurationName = Release;
		};
		5F96E9E22D68697500A0BB6B /* Build configuration list for PBXNativeTarget "OAAppDelegateExampleUITests" */ = {
			isa = XCConfigurationList;
			buildConfigurations = (
				5F96E9E32D68697500A0BB6B /* Debug */,
				5F96E9E42D68697500A0BB6B /* Release */,
			);
			defaultConfigurationIsVisible = 0;
			defaultConfigurationName = Release;
		};
/* End XCConfigurationList section */

/* Begin XCLocalSwiftPackageReference section */
		5F1A405A2D6F020F0079101B /* XCLocalSwiftPackageReference "../../../oa-ios-sdk" */ = {
			isa = XCLocalSwiftPackageReference;
			relativePath = "../../../oa-ios-sdk";
		};
/* End XCLocalSwiftPackageReference section */

/* Begin XCSwiftPackageProductDependency section */
		5F1A405B2D6F020F0079101B /* Marketing */ = {
			isa = XCSwiftPackageProductDependency;
			productName = Marketing;
		};
		5F1A405D2D6F020F0079101B /* MarketingData */ = {
			isa = XCSwiftPackageProductDependency;
			productName = MarketingData;
		};
/* End XCSwiftPackageProductDependency section */
	};
	rootObject = 5F96E9A42D68697300A0BB6B /* Project object */;
}
