// !$*UTF8*$!
{
	archiveVersion = 1;
	classes = {
	};
	objectVersion = 77;
	objects = {

/* Begin PBXBuildFile section */
		5FF7FDEE2D0F56F500B5A2EC /* Marketing in Frameworks */ = {isa = PBXBuildFile; productRef = 5FF7FDED2D0F56F500B5A2EC /* Marketing */; };
		5FF7FDF02D0F56F500B5A2EC /* MarketingData in Frameworks */ = {isa = PBXBuildFile; productRef = 5FF7FDEF2D0F56F500B5A2EC /* MarketingData */; };
		5FF7FDF22D0F56F500B5A2EC /* MarketingDataIDFA in Frameworks */ = {isa = PBXBuildFile; productRef = 5FF7FDF12D0F56F500B5A2EC /* MarketingDataIDFA */; };
/* End PBXBuildFile section */

/* Begin PBXContainerItemProxy section */
		5FF7FDD02D0F56E200B5A2EC /* PBXContainerItemProxy */ = {
			isa = PBXContainerItemProxy;
			containerPortal = 5FF7FDB42D0F56E000B5A2EC /* Project object */;
			proxyType = 1;
			remoteGlobalIDString = 5FF7FDBB2D0F56E000B5A2EC;
			remoteInfo = OAMacExample;
		};
		5FF7FDDA2D0F56E200B5A2EC /* PBXContainerItemProxy */ = {
			isa = PBXContainerItemProxy;
			containerPortal = 5FF7FDB42D0F56E000B5A2EC /* Project object */;
			proxyType = 1;
			remoteGlobalIDString = 5FF7FDBB2D0F56E000B5A2EC;
			remoteInfo = OAMacExample;
		};
/* End PBXContainerItemProxy section */

/* Begin PBXFileReference section */
		5FF7FDBC2D0F56E000B5A2EC /* OAMacExample.app */ = {isa = PBXFileReference; explicitFileType = wrapper.application; includeInIndex = 0; path = OAMacExample.app; sourceTree = BUILT_PRODUCTS_DIR; };
		5FF7FDCF2D0F56E200B5A2EC /* OAMacExampleTests.xctest */ = {isa = PBXFileReference; explicitFileType = wrapper.cfbundle; includeInIndex = 0; path = OAMacExampleTests.xctest; sourceTree = BUILT_PRODUCTS_DIR; };
		5FF7FDD92D0F56E200B5A2EC /* OAMacExampleUITests.xctest */ = {isa = PBXFileReference; explicitFileType = wrapper.cfbundle; includeInIndex = 0; path = OAMacExampleUITests.xctest; sourceTree = BUILT_PRODUCTS_DIR; };
/* End PBXFileReference section */

/* Begin PBXFileSystemSynchronizedRootGroup section */
		5FF7FDBE2D0F56E000B5A2EC /* OAMacExample */ = {
			isa = PBXFileSystemSynchronizedRootGroup;
			path = OAMacExample;
			sourceTree = "<group>";
		};
		5FF7FDD22D0F56E200B5A2EC /* OAMacExampleTests */ = {
			isa = PBXFileSystemSynchronizedRootGroup;
			path = OAMacExampleTests;
			sourceTree = "<group>";
		};
		5FF7FDDC2D0F56E200B5A2EC /* OAMacExampleUITests */ = {
			isa = PBXFileSystemSynchronizedRootGroup;
			path = OAMacExampleUITests;
			sourceTree = "<group>";
		};
/* End PBXFileSystemSynchronizedRootGroup section */

/* Begin PBXFrameworksBuildPhase section */
		5FF7FDB92D0F56E000B5A2EC /* Frameworks */ = {
			isa = PBXFrameworksBuildPhase;
			buildActionMask = 2147483647;
			files = (
				5FF7FDEE2D0F56F500B5A2EC /* Marketing in Frameworks */,
				5FF7FDF02D0F56F500B5A2EC /* MarketingData in Frameworks */,
				5FF7FDF22D0F56F500B5A2EC /* MarketingDataIDFA in Frameworks */,
			);
			runOnlyForDeploymentPostprocessing = 0;
		};
		5FF7FDCC2D0F56E200B5A2EC /* Frameworks */ = {
			isa = PBXFrameworksBuildPhase;
			buildActionMask = 2147483647;
			files = (
			);
			runOnlyForDeploymentPostprocessing = 0;
		};
		5FF7FDD62D0F56E200B5A2EC /* Frameworks */ = {
			isa = PBXFrameworksBuildPhase;
			buildActionMask = 2147483647;
			files = (
			);
			runOnlyForDeploymentPostprocessing = 0;
		};
/* End PBXFrameworksBuildPhase section */

/* Begin PBXGroup section */
		5FF7FDB32D0F56E000B5A2EC = {
			isa = PBXGroup;
			children = (
				5FF7FDBE2D0F56E000B5A2EC /* OAMacExample */,
				5FF7FDD22D0F56E200B5A2EC /* OAMacExampleTests */,
				5FF7FDDC2D0F56E200B5A2EC /* OAMacExampleUITests */,
				5FF7FDBD2D0F56E000B5A2EC /* Products */,
			);
			sourceTree = "<group>";
		};
		5FF7FDBD2D0F56E000B5A2EC /* Products */ = {
			isa = PBXGroup;
			children = (
				5FF7FDBC2D0F56E000B5A2EC /* OAMacExample.app */,
				5FF7FDCF2D0F56E200B5A2EC /* OAMacExampleTests.xctest */,
				5FF7FDD92D0F56E200B5A2EC /* OAMacExampleUITests.xctest */,
			);
			name = Products;
			sourceTree = "<group>";
		};
/* End PBXGroup section */

/* Begin PBXNativeTarget section */
		5FF7FDBB2D0F56E000B5A2EC /* OAMacExample */ = {
			isa = PBXNativeTarget;
			buildConfigurationList = 5FF7FDE32D0F56E200B5A2EC /* Build configuration list for PBXNativeTarget "OAMacExample" */;
			buildPhases = (
				5FF7FDB82D0F56E000B5A2EC /* Sources */,
				5FF7FDB92D0F56E000B5A2EC /* Frameworks */,
				5FF7FDBA2D0F56E000B5A2EC /* Resources */,
			);
			buildRules = (
			);
			dependencies = (
			);
			fileSystemSynchronizedGroups = (
				5FF7FDBE2D0F56E000B5A2EC /* OAMacExample */,
			);
			name = OAMacExample;
			packageProductDependencies = (
				5FF7FDED2D0F56F500B5A2EC /* Marketing */,
				5FF7FDEF2D0F56F500B5A2EC /* MarketingData */,
				5FF7FDF12D0F56F500B5A2EC /* MarketingDataIDFA */,
			);
			productName = OAMacExample;
			productReference = 5FF7FDBC2D0F56E000B5A2EC /* OAMacExample.app */;
			productType = "com.apple.product-type.application";
		};
		5FF7FDCE2D0F56E200B5A2EC /* OAMacExampleTests */ = {
			isa = PBXNativeTarget;
			buildConfigurationList = 5FF7FDE62D0F56E200B5A2EC /* Build configuration list for PBXNativeTarget "OAMacExampleTests" */;
			buildPhases = (
				5FF7FDCB2D0F56E200B5A2EC /* Sources */,
				5FF7FDCC2D0F56E200B5A2EC /* Frameworks */,
				5FF7FDCD2D0F56E200B5A2EC /* Resources */,
			);
			buildRules = (
			);
			dependencies = (
				5FF7FDD12D0F56E200B5A2EC /* PBXTargetDependency */,
			);
			fileSystemSynchronizedGroups = (
				5FF7FDD22D0F56E200B5A2EC /* OAMacExampleTests */,
			);
			name = OAMacExampleTests;
			packageProductDependencies = (
			);
			productName = OAMacExampleTests;
			productReference = 5FF7FDCF2D0F56E200B5A2EC /* OAMacExampleTests.xctest */;
			productType = "com.apple.product-type.bundle.unit-test";
		};
		5FF7FDD82D0F56E200B5A2EC /* OAMacExampleUITests */ = {
			isa = PBXNativeTarget;
			buildConfigurationList = 5FF7FDE92D0F56E200B5A2EC /* Build configuration list for PBXNativeTarget "OAMacExampleUITests" */;
			buildPhases = (
				5FF7FDD52D0F56E200B5A2EC /* Sources */,
				5FF7FDD62D0F56E200B5A2EC /* Frameworks */,
				5FF7FDD72D0F56E200B5A2EC /* Resources */,
			);
			buildRules = (
			);
			dependencies = (
				5FF7FDDB2D0F56E200B5A2EC /* PBXTargetDependency */,
			);
			fileSystemSynchronizedGroups = (
				5FF7FDDC2D0F56E200B5A2EC /* OAMacExampleUITests */,
			);
			name = OAMacExampleUITests;
			packageProductDependencies = (
			);
			productName = OAMacExampleUITests;
			productReference = 5FF7FDD92D0F56E200B5A2EC /* OAMacExampleUITests.xctest */;
			productType = "com.apple.product-type.bundle.ui-testing";
		};
/* End PBXNativeTarget section */

/* Begin PBXProject section */
		5FF7FDB42D0F56E000B5A2EC /* Project object */ = {
			isa = PBXProject;
			attributes = {
				BuildIndependentTargetsInParallel = 1;
				LastSwiftUpdateCheck = 1620;
				LastUpgradeCheck = 1620;
				TargetAttributes = {
					5FF7FDBB2D0F56E000B5A2EC = {
						CreatedOnToolsVersion = 16.2;
					};
					5FF7FDCE2D0F56E200B5A2EC = {
						CreatedOnToolsVersion = 16.2;
						TestTargetID = 5FF7FDBB2D0F56E000B5A2EC;
					};
					5FF7FDD82D0F56E200B5A2EC = {
						CreatedOnToolsVersion = 16.2;
						TestTargetID = 5FF7FDBB2D0F56E000B5A2EC;
					};
				};
			};
			buildConfigurationList = 5FF7FDB72D0F56E000B5A2EC /* Build configuration list for PBXProject "OAMacExample" */;
			developmentRegion = en;
			hasScannedForEncodings = 0;
			knownRegions = (
				en,
				Base,
			);
			mainGroup = 5FF7FDB32D0F56E000B5A2EC;
			minimizedProjectReferenceProxies = 1;
			packageReferences = (
				5FF7FDEC2D0F56F500B5A2EC /* XCLocalSwiftPackageReference "../../../oa-ios-sdk" */,
			);
			preferredProjectObjectVersion = 77;
			productRefGroup = 5FF7FDBD2D0F56E000B5A2EC /* Products */;
			projectDirPath = "";
			projectRoot = "";
			targets = (
				5FF7FDBB2D0F56E000B5A2EC /* OAMacExample */,
				5FF7FDCE2D0F56E200B5A2EC /* OAMacExampleTests */,
				5FF7FDD82D0F56E200B5A2EC /* OAMacExampleUITests */,
			);
		};
/* End PBXProject section */

/* Begin PBXResourcesBuildPhase section */
		5FF7FDBA2D0F56E000B5A2EC /* Resources */ = {
			isa = PBXResourcesBuildPhase;
			buildActionMask = 2147483647;
			files = (
			);
			runOnlyForDeploymentPostprocessing = 0;
		};
		5FF7FDCD2D0F56E200B5A2EC /* Resources */ = {
			isa = PBXResourcesBuildPhase;
			buildActionMask = 2147483647;
			files = (
			);
			runOnlyForDeploymentPostprocessing = 0;
		};
		5FF7FDD72D0F56E200B5A2EC /* Resources */ = {
			isa = PBXResourcesBuildPhase;
			buildActionMask = 2147483647;
			files = (
			);
			runOnlyForDeploymentPostprocessing = 0;
		};
/* End PBXResourcesBuildPhase section */

/* Begin PBXSourcesBuildPhase section */
		5FF7FDB82D0F56E000B5A2EC /* Sources */ = {
			isa = PBXSourcesBuildPhase;
			buildActionMask = 2147483647;
			files = (
			);
			runOnlyForDeploymentPostprocessing = 0;
		};
		5FF7FDCB2D0F56E200B5A2EC /* Sources */ = {
			isa = PBXSourcesBuildPhase;
			buildActionMask = 2147483647;
			files = (
			);
			runOnlyForDeploymentPostprocessing = 0;
		};
		5FF7FDD52D0F56E200B5A2EC /* Sources */ = {
			isa = PBXSourcesBuildPhase;
			buildActionMask = 2147483647;
			files = (
			);
			runOnlyForDeploymentPostprocessing = 0;
		};
/* End PBXSourcesBuildPhase section */

/* Begin PBXTargetDependency section */
		5FF7FDD12D0F56E200B5A2EC /* PBXTargetDependency */ = {
			isa = PBXTargetDependency;
			target = 5FF7FDBB2D0F56E000B5A2EC /* OAMacExample */;
			targetProxy = 5FF7FDD02D0F56E200B5A2EC /* PBXContainerItemProxy */;
		};
		5FF7FDDB2D0F56E200B5A2EC /* PBXTargetDependency */ = {
			isa = PBXTargetDependency;
			target = 5FF7FDBB2D0F56E000B5A2EC /* OAMacExample */;
			targetProxy = 5FF7FDDA2D0F56E200B5A2EC /* PBXContainerItemProxy */;
		};
/* End PBXTargetDependency section */

/* Begin XCBuildConfiguration section */
		5FF7FDE12D0F56E200B5A2EC /* Debug */ = {
			isa = XCBuildConfiguration;
			buildSettings = {
				ALWAYS_SEARCH_USER_PATHS = NO;
				ASSETCATALOG_COMPILER_GENERATE_SWIFT_ASSET_SYMBOL_EXTENSIONS = YES;
				CLANG_ANALYZER_NONNULL = YES;
				CLANG_ANALYZER_NUMBER_OBJECT_CONVERSION = YES_AGGRESSIVE;
				CLANG_CXX_LANGUAGE_STANDARD = "gnu++20";
				CLANG_ENABLE_MODULES = YES;
				CLANG_ENABLE_OBJC_ARC = YES;
				CLANG_ENABLE_OBJC_WEAK = YES;
				CLANG_WARN_BLOCK_CAPTURE_AUTORELEASING = YES;
				CLANG_WARN_BOOL_CONVERSION = YES;
				CLANG_WARN_COMMA = YES;
				CLANG_WARN_CONSTANT_CONVERSION = YES;
				CLANG_WARN_DEPRECATED_OBJC_IMPLEMENTATIONS = YES;
				CLANG_WARN_DIRECT_OBJC_ISA_USAGE = YES_ERROR;
				CLANG_WARN_DOCUMENTATION_COMMENTS = YES;
				CLANG_WARN_EMPTY_BODY = YES;
				CLANG_WARN_ENUM_CONVERSION = YES;
				CLANG_WARN_INFINITE_RECURSION = YES;
				CLANG_WARN_INT_CONVERSION = YES;
				CLANG_WARN_NON_LITERAL_NULL_CONVERSION = YES;
				CLANG_WARN_OBJC_IMPLICIT_RETAIN_SELF = YES;
				CLANG_WARN_OBJC_LITERAL_CONVERSION = YES;
				CLANG_WARN_OBJC_ROOT_CLASS = YES_ERROR;
				CLANG_WARN_QUOTED_INCLUDE_IN_FRAMEWORK_HEADER = YES;
				CLANG_WARN_RANGE_LOOP_ANALYSIS = YES;
				CLANG_WARN_STRICT_PROTOTYPES = YES;
				CLANG_WARN_SUSPICIOUS_MOVE = YES;
				CLANG_WARN_UNGUARDED_AVAILABILITY = YES_AGGRESSIVE;
				CLANG_WARN_UNREACHABLE_CODE = YES;
				CLANG_WARN__DUPLICATE_METHOD_MATCH = YES;
				COPY_PHASE_STRIP = NO;
				DEBUG_INFORMATION_FORMAT = dwarf;
				ENABLE_STRICT_OBJC_MSGSEND = YES;
				ENABLE_TESTABILITY = YES;
				ENABLE_USER_SCRIPT_SANDBOXING = YES;
				GCC_C_LANGUAGE_STANDARD = gnu17;
				GCC_DYNAMIC_NO_PIC = NO;
				GCC_NO_COMMON_BLOCKS = YES;
				GCC_OPTIMIZATION_LEVEL = 0;
				GCC_PREPROCESSOR_DEFINITIONS = (
					"DEBUG=1",
					"$(inherited)",
				);
				GCC_WARN_64_TO_32_BIT_CONVERSION = YES;
				GCC_WARN_ABOUT_RETURN_TYPE = YES_ERROR;
				GCC_WARN_UNDECLARED_SELECTOR = YES;
				GCC_WARN_UNINITIALIZED_AUTOS = YES_AGGRESSIVE;
				GCC_WARN_UNUSED_FUNCTION = YES;
				GCC_WARN_UNUSED_VARIABLE = YES;
				LOCALIZATION_PREFERS_STRING_CATALOGS = YES;
				MACOSX_DEPLOYMENT_TARGET = 15.2;
				MTL_ENABLE_DEBUG_INFO = INCLUDE_SOURCE;
				MTL_FAST_MATH = YES;
				ONLY_ACTIVE_ARCH = YES;
				SDKROOT = macosx;
				SWIFT_ACTIVE_COMPILATION_CONDITIONS = "DEBUG $(inherited)";
				SWIFT_OPTIMIZATION_LEVEL = "-Onone";
			};
			name = Debug;
		};
		5FF7FDE22D0F56E200B5A2EC /* Release */ = {
			isa = XCBuildConfiguration;
			buildSettings = {
				ALWAYS_SEARCH_USER_PATHS = NO;
				ASSETCATALOG_COMPILER_GENERATE_SWIFT_ASSET_SYMBOL_EXTENSIONS = YES;
				CLANG_ANALYZER_NONNULL = YES;
				CLANG_ANALYZER_NUMBER_OBJECT_CONVERSION = YES_AGGRESSIVE;
				CLANG_CXX_LANGUAGE_STANDARD = "gnu++20";
				CLANG_ENABLE_MODULES = YES;
				CLANG_ENABLE_OBJC_ARC = YES;
				CLANG_ENABLE_OBJC_WEAK = YES;
				CLANG_WARN_BLOCK_CAPTURE_AUTORELEASING = YES;
				CLANG_WARN_BOOL_CONVERSION = YES;
				CLANG_WARN_COMMA = YES;
				CLANG_WARN_CONSTANT_CONVERSION = YES;
				CLANG_WARN_DEPRECATED_OBJC_IMPLEMENTATIONS = YES;
				CLANG_WARN_DIRECT_OBJC_ISA_USAGE = YES_ERROR;
				CLANG_WARN_DOCUMENTATION_COMMENTS = YES;
				CLANG_WARN_EMPTY_BODY = YES;
				CLANG_WARN_ENUM_CONVERSION = YES;
				CLANG_WARN_INFINITE_RECURSION = YES;
				CLANG_WARN_INT_CONVERSION = YES;
				CLANG_WARN_NON_LITERAL_NULL_CONVERSION = YES;
				CLANG_WARN_OBJC_IMPLICIT_RETAIN_SELF = YES;
				CLANG_WARN_OBJC_LITERAL_CONVERSION = YES;
				CLANG_WARN_OBJC_ROOT_CLASS = YES_ERROR;
				CLANG_WARN_QUOTED_INCLUDE_IN_FRAMEWORK_HEADER = YES;
				CLANG_WARN_RANGE_LOOP_ANALYSIS = YES;
				CLANG_WARN_STRICT_PROTOTYPES = YES;
				CLANG_WARN_SUSPICIOUS_MOVE = YES;
				CLANG_WARN_UNGUARDED_AVAILABILITY = YES_AGGRESSIVE;
				CLANG_WARN_UNREACHABLE_CODE = YES;
				CLANG_WARN__DUPLICATE_METHOD_MATCH = YES;
				COPY_PHASE_STRIP = NO;
				DEBUG_INFORMATION_FORMAT = "dwarf-with-dsym";
				ENABLE_NS_ASSERTIONS = NO;
				ENABLE_STRICT_OBJC_MSGSEND = YES;
				ENABLE_USER_SCRIPT_SANDBOXING = YES;
				GCC_C_LANGUAGE_STANDARD = gnu17;
				GCC_NO_COMMON_BLOCKS = YES;
				GCC_WARN_64_TO_32_BIT_CONVERSION = YES;
				GCC_WARN_ABOUT_RETURN_TYPE = YES_ERROR;
				GCC_WARN_UNDECLARED_SELECTOR = YES;
				GCC_WARN_UNINITIALIZED_AUTOS = YES_AGGRESSIVE;
				GCC_WARN_UNUSED_FUNCTION = YES;
				GCC_WARN_UNUSED_VARIABLE = YES;
				LOCALIZATION_PREFERS_STRING_CATALOGS = YES;
				MACOSX_DEPLOYMENT_TARGET = 15.2;
				MTL_ENABLE_DEBUG_INFO = NO;
				MTL_FAST_MATH = YES;
				SDKROOT = macosx;
				SWIFT_COMPILATION_MODE = wholemodule;
			};
			name = Release;
		};
		5FF7FDE42D0F56E200B5A2EC /* Debug */ = {
			isa = XCBuildConfiguration;
			buildSettings = {
				ASSETCATALOG_COMPILER_APPICON_NAME = AppIcon;
				ASSETCATALOG_COMPILER_GLOBAL_ACCENT_COLOR_NAME = AccentColor;
				CODE_SIGN_ENTITLEMENTS = OAMacExample/OAMacExample.entitlements;
				"CODE_SIGN_IDENTITY[sdk=macosx*]" = "Apple Development";
				CODE_SIGN_STYLE = Automatic;
				COMBINE_HIDPI_IMAGES = YES;
				CURRENT_PROJECT_VERSION = 1;
				DEVELOPMENT_ASSET_PATHS = "\"OAMacExample/Preview Content\"";
				DEVELOPMENT_TEAM = 8ZKUDT7A65;
				ENABLE_HARDENED_RUNTIME = YES;
				ENABLE_PREVIEWS = YES;
				GENERATE_INFOPLIST_FILE = YES;
				INFOPLIST_KEY_NSHumanReadableCopyright = "";
				LD_RUNPATH_SEARCH_PATHS = (
					"$(inherited)",
					"@executable_path/../Frameworks",
				);
				MACOSX_DEPLOYMENT_TARGET = 14.0;
				MARKETING_VERSION = 1.0;
				PRODUCT_BUNDLE_IDENTIFIER = com.ieesizaq.OpenAttribution;
				PRODUCT_NAME = "$(TARGET_NAME)";
				SWIFT_EMIT_LOC_STRINGS = YES;
				SWIFT_VERSION = 5.0;
			};
			name = Debug;
		};
		5FF7FDE52D0F56E200B5A2EC /* Release */ = {
			isa = XCBuildConfiguration;
			buildSettings = {
				ASSETCATALOG_COMPILER_APPICON_NAME = AppIcon;
				ASSETCATALOG_COMPILER_GLOBAL_ACCENT_COLOR_NAME = AccentColor;
				CODE_SIGN_ENTITLEMENTS = OAMacExample/OAMacExample.entitlements;
				"CODE_SIGN_IDENTITY[sdk=macosx*]" = "Apple Development";
				CODE_SIGN_STYLE = Automatic;
				COMBINE_HIDPI_IMAGES = YES;
				CURRENT_PROJECT_VERSION = 1;
				DEVELOPMENT_ASSET_PATHS = "\"OAMacExample/Preview Content\"";
				DEVELOPMENT_TEAM = 8ZKUDT7A65;
				ENABLE_HARDENED_RUNTIME = YES;
				ENABLE_PREVIEWS = YES;
				GENERATE_INFOPLIST_FILE = YES;
				INFOPLIST_KEY_NSHumanReadableCopyright = "";
				LD_RUNPATH_SEARCH_PATHS = (
					"$(inherited)",
					"@executable_path/../Frameworks",
				);
				MACOSX_DEPLOYMENT_TARGET = 14.0;
				MARKETING_VERSION = 1.0;
				PRODUCT_BUNDLE_IDENTIFIER = com.ieesizaq.OpenAttribution;
				PRODUCT_NAME = "$(TARGET_NAME)";
				SWIFT_EMIT_LOC_STRINGS = YES;
				SWIFT_VERSION = 5.0;
			};
			name = Release;
		};
		5FF7FDE72D0F56E200B5A2EC /* Debug */ = {
			isa = XCBuildConfiguration;
			buildSettings = {
				BUNDLE_LOADER = "$(TEST_HOST)";
				CODE_SIGN_STYLE = Automatic;
				CURRENT_PROJECT_VERSION = 1;
				DEVELOPMENT_TEAM = 8ZKUDT7A65;
				GENERATE_INFOPLIST_FILE = YES;
				MACOSX_DEPLOYMENT_TARGET = 14.0;
				MARKETING_VERSION = 1.0;
				PRODUCT_BUNDLE_IDENTIFIER = com.ieesizaq.OAMacExampleTests;
				PRODUCT_NAME = "$(TARGET_NAME)";
				SWIFT_EMIT_LOC_STRINGS = NO;
				SWIFT_VERSION = 5.0;
				TEST_HOST = "$(BUILT_PRODUCTS_DIR)/OAMacExample.app/$(BUNDLE_EXECUTABLE_FOLDER_PATH)/OAMacExample";
			};
			name = Debug;
		};
		5FF7FDE82D0F56E200B5A2EC /* Release */ = {
			isa = XCBuildConfiguration;
			buildSettings = {
				BUNDLE_LOADER = "$(TEST_HOST)";
				CODE_SIGN_STYLE = Automatic;
				CURRENT_PROJECT_VERSION = 1;
				DEVELOPMENT_TEAM = 8ZKUDT7A65;
				GENERATE_INFOPLIST_FILE = YES;
				MACOSX_DEPLOYMENT_TARGET = 14.0;
				MARKETING_VERSION = 1.0;
				PRODUCT_BUNDLE_IDENTIFIER = com.ieesizaq.OAMacExampleTests;
				PRODUCT_NAME = "$(TARGET_NAME)";
				SWIFT_EMIT_LOC_STRINGS = NO;
				SWIFT_VERSION = 5.0;
				TEST_HOST = "$(BUILT_PRODUCTS_DIR)/OAMacExample.app/$(BUNDLE_EXECUTABLE_FOLDER_PATH)/OAMacExample";
			};
			name = Release;
		};
		5FF7FDEA2D0F56E200B5A2EC /* Debug */ = {
			isa = XCBuildConfiguration;
			buildSettings = {
				CODE_SIGN_STYLE = Automatic;
				CURRENT_PROJECT_VERSION = 1;
				DEVELOPMENT_TEAM = 8ZKUDT7A65;
				GENERATE_INFOPLIST_FILE = YES;
				MARKETING_VERSION = 1.0;
				PRODUCT_BUNDLE_IDENTIFIER = com.ieesizaq.OAMacExampleUITests;
				PRODUCT_NAME = "$(TARGET_NAME)";
				SWIFT_EMIT_LOC_STRINGS = NO;
				SWIFT_VERSION = 5.0;
				TEST_TARGET_NAME = OAMacExample;
			};
			name = Debug;
		};
		5FF7FDEB2D0F56E200B5A2EC /* Release */ = {
			isa = XCBuildConfiguration;
			buildSettings = {
				CODE_SIGN_STYLE = Automatic;
				CURRENT_PROJECT_VERSION = 1;
				DEVELOPMENT_TEAM = 8ZKUDT7A65;
				GENERATE_INFOPLIST_FILE = YES;
				MARKETING_VERSION = 1.0;
				PRODUCT_BUNDLE_IDENTIFIER = com.ieesizaq.OAMacExampleUITests;
				PRODUCT_NAME = "$(TARGET_NAME)";
				SWIFT_EMIT_LOC_STRINGS = NO;
				SWIFT_VERSION = 5.0;
				TEST_TARGET_NAME = OAMacExample;
			};
			name = Release;
		};
/* End XCBuildConfiguration section */

/* Begin XCConfigurationList section */
		5FF7FDB72D0F56E000B5A2EC /* Build configuration list for PBXProject "OAMacExample" */ = {
			isa = XCConfigurationList;
			buildConfigurations = (
				5FF7FDE12D0F56E200B5A2EC /* Debug */,
				5FF7FDE22D0F56E200B5A2EC /* Release */,
			);
			defaultConfigurationIsVisible = 0;
			defaultConfigurationName = Release;
		};
		5FF7FDE32D0F56E200B5A2EC /* Build configuration list for PBXNativeTarget "OAMacExample" */ = {
			isa = XCConfigurationList;
			buildConfigurations = (
				5FF7FDE42D0F56E200B5A2EC /* Debug */,
				5FF7FDE52D0F56E200B5A2EC /* Release */,
			);
			defaultConfigurationIsVisible = 0;
			defaultConfigurationName = Release;
		};
		5FF7FDE62D0F56E200B5A2EC /* Build configuration list for PBXNativeTarget "OAMacExampleTests" */ = {
			isa = XCConfigurationList;
			buildConfigurations = (
				5FF7FDE72D0F56E200B5A2EC /* Debug */,
				5FF7FDE82D0F56E200B5A2EC /* Release */,
			);
			defaultConfigurationIsVisible = 0;
			defaultConfigurationName = Release;
		};
		5FF7FDE92D0F56E200B5A2EC /* Build configuration list for PBXNativeTarget "OAMacExampleUITests" */ = {
			isa = XCConfigurationList;
			buildConfigurations = (
				5FF7FDEA2D0F56E200B5A2EC /* Debug */,
				5FF7FDEB2D0F56E200B5A2EC /* Release */,
			);
			defaultConfigurationIsVisible = 0;
			defaultConfigurationName = Release;
		};
/* End XCConfigurationList section */

/* Begin XCLocalSwiftPackageReference section */
		5FF7FDEC2D0F56F500B5A2EC /* XCLocalSwiftPackageReference "../../../oa-ios-sdk" */ = {
			isa = XCLocalSwiftPackageReference;
			relativePath = "../../../oa-ios-sdk";
		};
/* End XCLocalSwiftPackageReference section */

/* Begin XCSwiftPackageProductDependency section */
		5FF7FDED2D0F56F500B5A2EC /* Marketing */ = {
			isa = XCSwiftPackageProductDependency;
			productName = Marketing;
		};
		5FF7FDEF2D0F56F500B5A2EC /* MarketingData */ = {
			isa = XCSwiftPackageProductDependency;
			productName = MarketingData;
		};
		5FF7FDF12D0F56F500B5A2EC /* MarketingDataIDFA */ = {
			isa = XCSwiftPackageProductDependency;
			productName = MarketingDataIDFA;
		};
/* End XCSwiftPackageProductDependency section */
	};
	rootObject = 5FF7FDB42D0F56E000B5A2EC /* Project object */;
}
